
Microsoft Visual Studio Solution File, Format Version 12.00
# Visual Studio Version 17
VisualStudioVersion = 17.3.32929.385
MinimumVisualStudioVersion = 10.0.40219.1
Project("{F184B08F-C81C-45F6-A57F-5ABD9991F28F}") = "WinFormsApp4", "WinFormsApp4.vbproj", "{092F7521-4456-4143-8B70-0DDF2FF9D98C}"
EndProject
Global
	GlobalSection(SolutionConfigurationPlatforms) = preSolution
		Debug|Any CPU = Debug|Any CPU
		Release|Any CPU = Release|Any CPU
	EndGlobalSection
	GlobalSection(ProjectConfigurationPlatforms) = postSolution
		{092F7521-4456-4143-8B70-0DDF2FF9D98C}.Debug|Any CPU.ActiveCfg = Debug|Any CPU
		{092F7521-4456-4143-8B70-0DDF2FF9D98C}.Debug|Any CPU.Build.0 = Debug|Any CPU
		{092F7521-4456-4143-8B70-0DDF2FF9D98C}.Release|Any CPU.ActiveCfg = Release|Any CPU
		{092F7521-4456-4143-8B70-0DDF2FF9D98C}.Release|Any CPU.Build.0 = Release|Any CPU
	EndGlobalSection
	GlobalSection(SolutionProperties) = preSolution
		HideSolutionNode = FALSE
	EndGlobalSection
	GlobalSection(ExtensibilityGlobals) = postSolution
		SolutionGuid = {802F5700-428F-47F4-8A82-0394415FB7BB}
	EndGlobalSection
EndGlobal
